{
    "_meta": {
        "hash": {
            "sha256": "683f4b5c33391b72a4d1e0fda3f04c1c9e700ce35031f333abcc37b077e5f860"
        },
        "pipfile-spec": 6,
        "requires": {
            "python_version": "2.7"
        },
        "sources": [
            {
                "name": "pypi",
                "url": "https://pypi.org/simple",
                "verify_ssl": true
            }
        ]
    },
    "default": {
        "click": {
            "hashes": [
                "sha256:7d847fbbc4d227229dbc195f6bce58055e08a75b4273f089c548b3ff680c42ca",
                "sha256:a57d2cc92df1e2db5ee8ad792f7251b08046f784ec68f59a34be9952961c0e70"
            ],
            "index": "pypi",
            "version": "==1.1"
        },
        "pillow": {
            "hashes": [
                "sha256:0889506cbe912ccf509e584ff40dbe4f602b780156219695521671bb7b9ab493",
                "sha256:0a6a1a5266975657cfdaba3942b8c3a40eedf921cb5953afedc6bb743a24e6ff",
                "sha256:20ca5a8eb6cf001975ac8202539f8403fe93d5bb0a5235c8be966bfb21e41943",
                "sha256:2865c68b3a5638466b1837bf4a67c447e0cfdf7463309a068aad0e90aa03f58a",
                "sha256:28873f2ac49303d127354d10a2df682252bce61bd4dc95dc2d141f88672bd7d7",
                "sha256:61ce58a0f3a1d131e64df641a11ad516a6047dc3c647f36afc5ad59fc066a17e",
                "sha256:7226b80eae278e5da3e998762ec169a93f92df7bf3e6937842e23f9d292ed356",
                "sha256:a9c9e89c89805463989a4466373257392dbc6739f68dd835ab9cb196aa11ed2b",
                "sha256:bb9fcc3fcbd0040fce6649263c7ddc516c31f9d2e0556f468f1d953ec437c12f",
                "sha256:d10cb98ff1787a46c2da6181460a82c45c554e41753dc5a3013ff11062dfbe77",
                "sha256:e366e3badd9b5b88807be01d368ceccd99ab07e23bbe7a7425702cee76e502fd"
            ],
            "index": "pypi",
            "version": "==2.4.0"
        },
        "wsgiref": {
            "hashes": [
                "sha256:c7e610c800957046c04c8014aab8cce8f0b9f0495c8cd349e57c1f7cabf40e79"
            ],
            "index": "pypi",
            "version": "==0.1.2"
        }
    },
    "develop": {}
}
